
Microsoft Visual Studio Solution File, Format Version 12.00
# Visual Studio Version 16
VisualStudioVersion = 16.0.29201.188
MinimumVisualStudioVersion = 10.0.40219.1
Project("{FAE04EC0-301F-11D3-BF4B-00C04F79EFBC}") = "ExemploApiUsingJwt.Api", "ExemploApiUsingJwt.Api\ExemploApiUsingJwt.Api.csproj", "{A1437AE1-814D-4B47-9625-2F227C00C96F}"
EndProject
Global
	GlobalSection(SolutionConfigurationPlatforms) = preSolution
		Debug|Any CPU = Debug|Any CPU
		Release|Any CPU = Release|Any CPU
	EndGlobalSection
	GlobalSection(ProjectConfigurationPlatforms) = postSolution
		{A1437AE1-814D-4B47-9625-2F227C00C96F}.Debug|Any CPU.ActiveCfg = Debug|Any CPU
		{A1437AE1-814D-4B47-9625-2F227C00C96F}.Debug|Any CPU.Build.0 = Debug|Any CPU
		{A1437AE1-814D-4B47-9625-2F227C00C96F}.Release|Any CPU.ActiveCfg = Release|Any CPU
		{A1437AE1-814D-4B47-9625-2F227C00C96F}.Release|Any CPU.Build.0 = Release|Any CPU
	EndGlobalSection
	GlobalSection(SolutionProperties) = preSolution
		HideSolutionNode = FALSE
	EndGlobalSection
	GlobalSection(ExtensibilityGlobals) = postSolution
		SolutionGuid = {8EBC475D-3EE0-46E9-A820-0EF3AF4CA1C4}
	EndGlobalSection
EndGlobal
